
Microsoft Visual Studio Solution File, Format Version 12.00
# Visual Studio 15
Project("{FAE04EC0-301F-11D3-BF4B-00C04F79EFBC}") = "ktaneshaker-master", "ktaneshaker-master.csproj", "{20123233-F4B1-6265-E1C1-88FE632F8283}"
EndProject
Project("{FAE04EC0-301F-11D3-BF4B-00C04F79EFBC}") = "ktaneshaker-master.Editor", "ktaneshaker-master.Editor.csproj", "{A754B667-9587-36B0-FD45-3B9037879CD8}"
EndProject
Global
	GlobalSection(SolutionConfigurationPlatforms) = preSolution
		Debug|Any CPU = Debug|Any CPU
		Release|Any CPU = Release|Any CPU
	EndGlobalSection
	GlobalSection(ProjectConfigurationPlatforms) = postSolution
		{20123233-F4B1-6265-E1C1-88FE632F8283}.Debug|Any CPU.ActiveCfg = Debug|Any CPU
		{20123233-F4B1-6265-E1C1-88FE632F8283}.Debug|Any CPU.Build.0 = Debug|Any CPU
		{20123233-F4B1-6265-E1C1-88FE632F8283}.Release|Any CPU.ActiveCfg = Release|Any CPU
		{20123233-F4B1-6265-E1C1-88FE632F8283}.Release|Any CPU.Build.0 = Release|Any CPU
		{A754B667-9587-36B0-FD45-3B9037879CD8}.Debug|Any CPU.ActiveCfg = Debug|Any CPU
		{A754B667-9587-36B0-FD45-3B9037879CD8}.Debug|Any CPU.Build.0 = Debug|Any CPU
		{A754B667-9587-36B0-FD45-3B9037879CD8}.Release|Any CPU.ActiveCfg = Release|Any CPU
		{A754B667-9587-36B0-FD45-3B9037879CD8}.Release|Any CPU.Build.0 = Release|Any CPU
	EndGlobalSection
	GlobalSection(SolutionProperties) = preSolution
		HideSolutionNode = FALSE
	EndGlobalSection
EndGlobal
